
Microsoft Visual Studio Solution File, Format Version 12.00
# Visual Studio Version 16
VisualStudioVersion = 16.0.32802.440
MinimumVisualStudioVersion = 10.0.40219.1
Project("{FAE04EC0-301F-11D3-BF4B-00C04F79EFBC}") = "LabWork6", "LabWork6.csproj", "{80C3C752-5615-47F4-8004-C85DB1EA9C99}"
EndProject
Global
	GlobalSection(SolutionConfigurationPlatforms) = preSolution
		Debug|Any CPU = Debug|Any CPU
		Release|Any CPU = Release|Any CPU
	EndGlobalSection
	GlobalSection(ProjectConfigurationPlatforms) = postSolution
		{80C3C752-5615-47F4-8004-C85DB1EA9C99}.Debug|Any CPU.ActiveCfg = Debug|Any CPU
		{80C3C752-5615-47F4-8004-C85DB1EA9C99}.Debug|Any CPU.Build.0 = Debug|Any CPU
		{80C3C752-5615-47F4-8004-C85DB1EA9C99}.Release|Any CPU.ActiveCfg = Release|Any CPU
		{80C3C752-5615-47F4-8004-C85DB1EA9C99}.Release|Any CPU.Build.0 = Release|Any CPU
	EndGlobalSection
	GlobalSection(SolutionProperties) = preSolution
		HideSolutionNode = FALSE
	EndGlobalSection
	GlobalSection(ExtensibilityGlobals) = postSolution
		SolutionGuid = {306F43F3-DD36-4E94-A473-CC570C3622D1}
	EndGlobalSection
EndGlobal
