
Microsoft Visual Studio Solution File, Format Version 12.00
# Visual Studio Version 16
VisualStudioVersion = 16.0.32802.440
MinimumVisualStudioVersion = 10.0.40219.1
Project("{FAE04EC0-301F-11D3-BF4B-00C04F79EFBC}") = "ЛР2", "ЛР2.csproj", "{BE8FEEA6-27A4-4B21-923E-592678710D5E}"
EndProject
Global
	GlobalSection(SolutionConfigurationPlatforms) = preSolution
		Debug|Any CPU = Debug|Any CPU
		Release|Any CPU = Release|Any CPU
	EndGlobalSection
	GlobalSection(ProjectConfigurationPlatforms) = postSolution
		{BE8FEEA6-27A4-4B21-923E-592678710D5E}.Debug|Any CPU.ActiveCfg = Debug|Any CPU
		{BE8FEEA6-27A4-4B21-923E-592678710D5E}.Debug|Any CPU.Build.0 = Debug|Any CPU
		{BE8FEEA6-27A4-4B21-923E-592678710D5E}.Release|Any CPU.ActiveCfg = Release|Any CPU
		{BE8FEEA6-27A4-4B21-923E-592678710D5E}.Release|Any CPU.Build.0 = Release|Any CPU
	EndGlobalSection
	GlobalSection(SolutionProperties) = preSolution
		HideSolutionNode = FALSE
	EndGlobalSection
	GlobalSection(ExtensibilityGlobals) = postSolution
		SolutionGuid = {8986F806-CEF1-4B90-80F7-869D14A016CC}
	EndGlobalSection
EndGlobal
